
Microsoft Visual Studio Solution File, Format Version 12.00
# Visual Studio Version 17
VisualStudioVersion = 17.5.002.0
MinimumVisualStudioVersion = 10.0.40219.1
Project("{9A19103F-16F7-4668-BE54-9A1E7A4F7556}") = "proyecto-ecommerce-deportivo-net", "proyecto-ecommerce-deportivo-net.csproj", "{8D1F8DAF-FF5B-4E6A-BE67-6F795F64D62A}"
EndProject
Global
	GlobalSection(SolutionConfigurationPlatforms) = preSolution
		Debug|Any CPU = Debug|Any CPU
		Release|Any CPU = Release|Any CPU
	EndGlobalSection
	GlobalSection(ProjectConfigurationPlatforms) = postSolution
		{8D1F8DAF-FF5B-4E6A-BE67-6F795F64D62A}.Debug|Any CPU.ActiveCfg = Debug|Any CPU
		{8D1F8DAF-FF5B-4E6A-BE67-6F795F64D62A}.Debug|Any CPU.Build.0 = Debug|Any CPU
		{8D1F8DAF-FF5B-4E6A-BE67-6F795F64D62A}.Release|Any CPU.ActiveCfg = Release|Any CPU
		{8D1F8DAF-FF5B-4E6A-BE67-6F795F64D62A}.Release|Any CPU.Build.0 = Release|Any CPU
	EndGlobalSection
	GlobalSection(SolutionProperties) = preSolution
		HideSolutionNode = FALSE
	EndGlobalSection
	GlobalSection(ExtensibilityGlobals) = postSolution
		SolutionGuid = {1C9F8E4D-96F0-4B42-B104-601028B0BC26}
	EndGlobalSection
EndGlobal
